# This file is autogenerated, do not edit; changes may be undone by the next 'dep ensure'.


[[projects]]
  digest = "1:e92f5581902c345eb4ceffdcd4a854fb8f73cf436d47d837d1ec98ef1fe0a214"
  name = "github.com/StackExchange/wmi"
  packages = ["."]
  pruneopts = "UT"
  revision = "5d049714c4a64225c3c79a7cf7d02f7fb5b96338"
  version = "1.0.0"

[[projects]]
  digest = "1:6ff092aadfb9a731da2b477ad0fd2c93ac2ec6bfc19ae3ee502aa73fed6577db"
  name = "github.com/coreos/go-systemd"
  packages = [
    "activation",
    "dbus",
    "sdjournal",
  ]
  pruneopts = "UT"
  revision = "39ca1b05acc7ad1220e09f133283b8859a8b71ab"
  version = "v17"

[[projects]]
  digest = "1:6e2ff82d2fe11ee35ec8dceb4346b8144a761f1c8655592c4ebe99a92fcec327"
  name = "github.com/coreos/pkg"
  packages = ["dlopen"]
  pruneopts = "UT"
  revision = "97fdf19511ea361ae1c100dd393cc47f8dcfa1e1"
  version = "v4"

[[projects]]
  digest = "1:a2c1d0e43bd3baaa071d1b9ed72c27d78169b2b269f71c105ac4ba34b1be4a39"
  name = "github.com/davecgh/go-spew"
  packages = ["spew"]
  pruneopts = "UT"
  revision = "346938d642f2ec3594ed81d874461961cd0faa76"
  version = "v1.1.0"

[[projects]]
  branch = "master"
  digest = "1:823a8f3fd7600f279a248f2d6b7cc1dd4a17e9070632f3bd656e0b8b6f04c4d1"
  name = "github.com/dcos/dcos-go"
  packages = [
    "dcos",
    "dcos/http/transport",
    "dcos/nodeutil",
    "exec",
  ]
  pruneopts = "UT"
  revision = "e3a5a0b9fb04262db7657bcb78d10a1f9ce3107d"

[[projects]]
  branch = "karl/swagger"
  digest = "1:66e9e695d4cde06ec17f3f279a10b55183527c7aec45f6bb7aa4344472f0c511"
  name = "github.com/dcos/dcos-log"
  packages = ["dcos-log/journal/reader"]
  pruneopts = "UT"
  revision = "f91d7d097dca57f083753b5d53b0bcd24c74c1b4"

[[projects]]
  digest = "1:abeb38ade3f32a92943e5be54f55ed6d6e3b6602761d74b4aab4c9dd45c18abd"
  name = "github.com/fsnotify/fsnotify"
  packages = ["."]
  pruneopts = "UT"
  revision = "c2828203cd70a50dcccfb2761f8b1f8ceef9a8e9"
  version = "v1.4.7"

[[projects]]
  digest = "1:64a5a67c69b70c2420e607a8545d674a23778ed9c3e80607bfd17b77c6c87f6a"
  name = "github.com/go-ole/go-ole"
  packages = [
    ".",
    "oleutil",
  ]
  pruneopts = "UT"
  revision = "a41e3c4b706f6ae8dfbff342b06e40fa4d2d0506"
  version = "v1.2.1"

[[projects]]
  digest = "1:57fa4c058c21ce25d0b7272518dd746065117abf6cc706158b0d361202024520"
  name = "github.com/godbus/dbus"
  packages = ["."]
  pruneopts = "UT"
  revision = "a389bdde4dd695d414e47b755e95e72b7826432c"
  version = "v4.1.0"

[[projects]]
  digest = "1:c79fb010be38a59d657c48c6ba1d003a8aa651fa56b579d959d74573b7dff8e1"
  name = "github.com/gorilla/context"
  packages = ["."]
  pruneopts = "UT"
  revision = "08b5f424b9271eedf6f9f0ce86cb9396ed337a42"
  version = "v1.1.1"

[[projects]]
  digest = "1:664d37ea261f0fc73dd17f4a1f5f46d01fbb0b0d75f6375af064824424109b7d"
  name = "github.com/gorilla/handlers"
  packages = ["."]
  pruneopts = "UT"
  revision = "7e0847f9db758cdebd26c149d0ae9d5d0b9c98ce"
  version = "v1.4.0"

[[projects]]
  digest = "1:e73f5b0152105f18bc131fba127d9949305c8693f8a762588a82a48f61756f5f"
  name = "github.com/gorilla/mux"
  packages = ["."]
  pruneopts = "UT"
  revision = "e3702bed27f0d39777b0b37b664b6280e8ef8fbf"
  version = "v1.6.2"

[[projects]]
  branch = "master"
  digest = "1:a361611b8c8c75a1091f00027767f7779b29cb37c456a71b8f2604c88057ab40"
  name = "github.com/hashicorp/hcl"
  packages = [
    ".",
    "hcl/ast",
    "hcl/parser",
    "hcl/printer",
    "hcl/scanner",
    "hcl/strconv",
    "hcl/token",
    "json/parser",
    "json/scanner",
    "json/token",
  ]
  pruneopts = "UT"
  revision = "ef8a98b0bbce4a65b5aa4c368430a80ddc533168"

[[projects]]
  digest = "1:870d441fe217b8e689d7949fef6e43efbc787e50f200cb1e70dbca9204a1d6be"
  name = "github.com/inconshreveable/mousetrap"
  packages = ["."]
  pruneopts = "UT"
  revision = "76626ae9c91c4f2a10f34cad8ce83ea42c93bb75"
  version = "v1.0"

[[projects]]
  digest = "1:c568d7727aa262c32bdf8a3f7db83614f7af0ed661474b24588de635c20024c7"
  name = "github.com/magiconair/properties"
  packages = ["."]
  pruneopts = "UT"
  revision = "c2353362d570a7bfa228149c62842019201cfb71"
  version = "v1.8.0"

[[projects]]
  branch = "master"
  digest = "1:5ab79470a1d0fb19b041a624415612f8236b3c06070161a910562f2b2d064355"
  name = "github.com/mitchellh/mapstructure"
  packages = ["."]
  pruneopts = "UT"
  revision = "f15292f7a699fcc1a38a80977f80a046874ba8ac"

[[projects]]
  digest = "1:95741de3af260a92cc5c7f3f3061e85273f5a81b5db20d4bd68da74bd521675e"
  name = "github.com/pelletier/go-toml"
  packages = ["."]
  pruneopts = "UT"
  revision = "c01d1270ff3e442a8a57cddc1c92dc1138598194"
  version = "v1.2.0"

[[projects]]
  digest = "1:0028cb19b2e4c3112225cd871870f2d9cf49b9b4276531f03438a88e94be86fe"
  name = "github.com/pmezard/go-difflib"
  packages = ["difflib"]
  pruneopts = "UT"
  revision = "792786c7400a136282c1664665ae0a8db921c6c2"
  version = "v1.0.0"

[[projects]]
  digest = "1:b372c73a3511a44b1c0937258f48dba29d22613d5f6190e91d8dd0bab40dd190"
  name = "github.com/shirou/gopsutil"
  packages = [
    "disk",
    "internal/common",
  ]
  pruneopts = "UT"
  revision = "8048a2e9c5773235122027dd585cf821b2af1249"
  version = "v2.18.07"

[[projects]]
  digest = "1:d867dfa6751c8d7a435821ad3b736310c2ed68945d05b50fb9d23aee0540c8cc"
  name = "github.com/sirupsen/logrus"
  packages = ["."]
  pruneopts = "UT"
  revision = "3e01752db0189b9157070a0e1668a620f9a85da2"
  version = "v1.0.6"

[[projects]]
  digest = "1:bd1ae00087d17c5a748660b8e89e1043e1e5479d0fea743352cda2f8dd8c4f84"
  name = "github.com/spf13/afero"
  packages = [
    ".",
    "mem",
  ]
  pruneopts = "UT"
  revision = "787d034dfe70e44075ccc060d346146ef53270ad"
  version = "v1.1.1"

[[projects]]
  digest = "1:516e71bed754268937f57d4ecb190e01958452336fa73dbac880894164e91c1f"
  name = "github.com/spf13/cast"
  packages = ["."]
  pruneopts = "UT"
  revision = "8965335b8c7107321228e3e3702cab9832751bac"
  version = "v1.2.0"

[[projects]]
  digest = "1:645cabccbb4fa8aab25a956cbcbdf6a6845ca736b2c64e197ca7cbb9d210b939"
  name = "github.com/spf13/cobra"
  packages = ["."]
  pruneopts = "UT"
  revision = "ef82de70bb3f60c65fb8eebacbb2d122ef517385"
  version = "v0.0.3"

[[projects]]
  branch = "master"
  digest = "1:080e5f630945ad754f4b920e60b4d3095ba0237ebf88dc462eb28002932e3805"
  name = "github.com/spf13/jwalterweatherman"
  packages = ["."]
  pruneopts = "UT"
  revision = "7c0cea34c8ece3fbeb2b27ab9b59511d360fb394"

[[projects]]
  digest = "1:9424f440bba8f7508b69414634aef3b2b3a877e522d8a4624692412805407bb7"
  name = "github.com/spf13/pflag"
  packages = ["."]
  pruneopts = "UT"
  revision = "583c0c0531f06d5278b7d917446061adc344b5cd"
  version = "v1.0.1"

[[projects]]
  digest = "1:4fc8a61287ccfb4286e1ca5ad2ce3b0b301d746053bf44ac38cf34e40ae10372"
  name = "github.com/spf13/viper"
  packages = ["."]
  pruneopts = "UT"
  revision = "907c19d40d9a6c9bb55f040ff4ae45271a4754b9"
  version = "v1.1.0"

[[projects]]
  digest = "1:ac83cf90d08b63ad5f7e020ef480d319ae890c208f8524622a2f3136e2686b02"
  name = "github.com/stretchr/objx"
  packages = ["."]
  pruneopts = "UT"
  revision = "477a77ecc69700c7cdeb1fa9e129548e1c1c393c"
  version = "v0.1.1"

[[projects]]
  digest = "1:ffae6a0390594c05dc5ba534c385229e883508f17f6da257624913fd9aaa4d21"
  name = "github.com/stretchr/testify"
  packages = [
    "assert",
    "mock",
    "require",
    "suite",
  ]
  pruneopts = "UT"
  revision = "f35b8ab0b5a2cef36673838d662e249dd9c94686"
  version = "v1.2.2"

[[projects]]
  branch = "master"
  digest = "1:583f2f436bab7b59a7bd3e759f1375b06f460760ed1f9235604d143eaab83009"
  name = "golang.org/x/crypto"
  packages = [
    "ed25519",
    "ed25519/internal/edwards25519",
    "ssh/terminal",
  ]
  pruneopts = "UT"
  revision = "f027049dab0ad238e394a753dba2d14753473a04"

[[projects]]
  branch = "master"
  digest = "1:765d431064cfa93d57fa22b2088bfdfd2072ec459c2a273ae5699f44a8cf3288"
  name = "golang.org/x/sys"
  packages = [
    "unix",
    "windows",
    "windows/svc",
    "windows/svc/mgr",
  ]
  pruneopts = "UT"
  revision = "0718ef2ef256118d53a01598f179001ec2af7626"

[[projects]]
  digest = "1:8029e9743749d4be5bc9f7d42ea1659471767860f0cdc34d37c3111bd308a295"
  name = "golang.org/x/text"
  packages = [
    "internal/gen",
    "internal/triegen",
    "internal/ucd",
    "transform",
    "unicode/cldr",
    "unicode/norm",
  ]
  pruneopts = "UT"
  revision = "f21a4dfb5e38f5895301dc265a8def02365cc3d0"
  version = "v0.3.0"

[[projects]]
  branch = "v1"
  digest = "1:23fc86a644517c24115801c487921dbca64199a17b4c4bd057dcd97e59605684"
  name = "gopkg.in/jarcoal/httpmock.v1"
  packages = ["."]
  pruneopts = "UT"
  revision = "8007e27cdb3239fcfc95c1274d7d8cbcc68b7d52"

[[projects]]
  digest = "1:3c30f2d65883ac85b43ffca835de179b24677392b4df001517862e113d0439ff"
  name = "gopkg.in/square/go-jose.v2"
  packages = [
    ".",
    "cipher",
    "json",
    "jwt",
  ]
  pruneopts = "UT"
  revision = "349dc03548930652802aadc09fb126e2b7cb6d80"
  version = "v2.1.7"

[[projects]]
  digest = "1:342378ac4dcb378a5448dd723f0784ae519383532f5e70ade24132c4c8693202"
  name = "gopkg.in/yaml.v2"
  packages = ["."]
  pruneopts = "UT"
  revision = "5420a8b6744d3b0345ab293f6fcba19c978f1183"
  version = "v2.2.1"

[solve-meta]
  analyzer-name = "dep"
  analyzer-version = 1
  input-imports = [
    "github.com/coreos/go-systemd/activation",
    "github.com/coreos/go-systemd/dbus",
    "github.com/dcos/dcos-go/dcos",
    "github.com/dcos/dcos-go/dcos/http/transport",
    "github.com/dcos/dcos-go/dcos/nodeutil",
    "github.com/dcos/dcos-go/exec",
    "github.com/dcos/dcos-log/dcos-log/journal/reader",
    "github.com/gorilla/handlers",
    "github.com/gorilla/mux",
    "github.com/mitchellh/mapstructure",
    "github.com/shirou/gopsutil/disk",
    "github.com/sirupsen/logrus",
    "github.com/spf13/cobra",
    "github.com/spf13/viper",
    "github.com/stretchr/testify/assert",
    "github.com/stretchr/testify/mock",
    "github.com/stretchr/testify/require",
    "github.com/stretchr/testify/suite",
    "golang.org/x/sys/windows/svc",
    "golang.org/x/sys/windows/svc/mgr",
    "gopkg.in/jarcoal/httpmock.v1",
  ]
  solver-name = "gps-cdcl"
  solver-version = 1
